
Microsoft Visual Studio Solution File, Format Version 12.00
# Visual Studio Version 16
VisualStudioVersion = 16.0.29001.49
MinimumVisualStudioVersion = 10.0.40219.1
Project("{FAE04EC0-301F-11D3-BF4B-00C04F79EFBC}") = "SampleApp.Android", "SampleApp\SampleApp.Android\SampleApp.Android.csproj", "{EA61C7A3-AACA-48AC-BCC2-1171E62DB496}"
EndProject
Project("{FAE04EC0-301F-11D3-BF4B-00C04F79EFBC}") = "SampleApp.iOS", "SampleApp\SampleApp.iOS\SampleApp.iOS.csproj", "{E0E45276-1ED6-48A0-838B-B4A9573CF48D}"
EndProject
Project("{FAE04EC0-301F-11D3-BF4B-00C04F79EFBC}") = "SampleApp", "SampleApp\SampleApp\SampleApp.csproj", "{D96A0F3E-5FA2-4EC5-9D9B-18C316B466D6}"
EndProject
Project("{FAE04EC0-301F-11D3-BF4B-00C04F79EFBC}") = "GoogleVisionBarCodeScanner", "GoogleVisionBarCodeScanner\GoogleVisionBarCodeScanner.csproj", "{8CDA11D6-38F2-485E-9ACF-61133CCEEC7B}"
EndProject
Global
	GlobalSection(SolutionConfigurationPlatforms) = preSolution
		Debug|Any CPU = Debug|Any CPU
		Debug|iPhone = Debug|iPhone
		Debug|iPhoneSimulator = Debug|iPhoneSimulator
		Release|Any CPU = Release|Any CPU
		Release|iPhone = Release|iPhone
		Release|iPhoneSimulator = Release|iPhoneSimulator
	EndGlobalSection
	GlobalSection(ProjectConfigurationPlatforms) = postSolution
		{EA61C7A3-AACA-48AC-BCC2-1171E62DB496}.Debug|Any CPU.ActiveCfg = Debug|Any CPU
		{EA61C7A3-AACA-48AC-BCC2-1171E62DB496}.Debug|Any CPU.Build.0 = Debug|Any CPU
		{EA61C7A3-AACA-48AC-BCC2-1171E62DB496}.Debug|Any CPU.Deploy.0 = Debug|Any CPU
		{EA61C7A3-AACA-48AC-BCC2-1171E62DB496}.Debug|iPhone.ActiveCfg = Debug|Any CPU
		{EA61C7A3-AACA-48AC-BCC2-1171E62DB496}.Debug|iPhone.Build.0 = Debug|Any CPU
		{EA61C7A3-AACA-48AC-BCC2-1171E62DB496}.Debug|iPhone.Deploy.0 = Debug|Any CPU
		{EA61C7A3-AACA-48AC-BCC2-1171E62DB496}.Debug|iPhoneSimulator.ActiveCfg = Debug|Any CPU
		{EA61C7A3-AACA-48AC-BCC2-1171E62DB496}.Debug|iPhoneSimulator.Build.0 = Debug|Any CPU
		{EA61C7A3-AACA-48AC-BCC2-1171E62DB496}.Debug|iPhoneSimulator.Deploy.0 = Debug|Any CPU
		{EA61C7A3-AACA-48AC-BCC2-1171E62DB496}.Release|Any CPU.ActiveCfg = Release|Any CPU
		{EA61C7A3-AACA-48AC-BCC2-1171E62DB496}.Release|Any CPU.Build.0 = Release|Any CPU
		{EA61C7A3-AACA-48AC-BCC2-1171E62DB496}.Release|Any CPU.Deploy.0 = Release|Any CPU
		{EA61C7A3-AACA-48AC-BCC2-1171E62DB496}.Release|iPhone.ActiveCfg = Release|Any CPU
		{EA61C7A3-AACA-48AC-BCC2-1171E62DB496}.Release|iPhone.Build.0 = Release|Any CPU
		{EA61C7A3-AACA-48AC-BCC2-1171E62DB496}.Release|iPhone.Deploy.0 = Release|Any CPU
		{EA61C7A3-AACA-48AC-BCC2-1171E62DB496}.Release|iPhoneSimulator.ActiveCfg = Release|Any CPU
		{EA61C7A3-AACA-48AC-BCC2-1171E62DB496}.Release|iPhoneSimulator.Build.0 = Release|Any CPU
		{EA61C7A3-AACA-48AC-BCC2-1171E62DB496}.Release|iPhoneSimulator.Deploy.0 = Release|Any CPU
		{E0E45276-1ED6-48A0-838B-B4A9573CF48D}.Debug|Any CPU.ActiveCfg = Debug|iPhone
		{E0E45276-1ED6-48A0-838B-B4A9573CF48D}.Debug|Any CPU.Build.0 = Debug|iPhone
		{E0E45276-1ED6-48A0-838B-B4A9573CF48D}.Debug|iPhone.ActiveCfg = Debug|iPhone
		{E0E45276-1ED6-48A0-838B-B4A9573CF48D}.Debug|iPhone.Build.0 = Debug|iPhone
		{E0E45276-1ED6-48A0-838B-B4A9573CF48D}.Debug|iPhone.Deploy.0 = Debug|iPhone
		{E0E45276-1ED6-48A0-838B-B4A9573CF48D}.Debug|iPhoneSimulator.ActiveCfg = Debug|iPhoneSimulator
		{E0E45276-1ED6-48A0-838B-B4A9573CF48D}.Debug|iPhoneSimulator.Build.0 = Debug|iPhoneSimulator
		{E0E45276-1ED6-48A0-838B-B4A9573CF48D}.Release|Any CPU.ActiveCfg = Release|iPhone
		{E0E45276-1ED6-48A0-838B-B4A9573CF48D}.Release|iPhone.ActiveCfg = Release|iPhone
		{E0E45276-1ED6-48A0-838B-B4A9573CF48D}.Release|iPhone.Build.0 = Release|iPhone
		{E0E45276-1ED6-48A0-838B-B4A9573CF48D}.Release|iPhoneSimulator.ActiveCfg = Release|iPhoneSimulator
		{E0E45276-1ED6-48A0-838B-B4A9573CF48D}.Release|iPhoneSimulator.Build.0 = Release|iPhoneSimulator
		{D96A0F3E-5FA2-4EC5-9D9B-18C316B466D6}.Debug|Any CPU.ActiveCfg = Debug|Any CPU
		{D96A0F3E-5FA2-4EC5-9D9B-18C316B466D6}.Debug|Any CPU.Build.0 = Debug|Any CPU
		{D96A0F3E-5FA2-4EC5-9D9B-18C316B466D6}.Debug|iPhone.ActiveCfg = Debug|Any CPU
		{D96A0F3E-5FA2-4EC5-9D9B-18C316B466D6}.Debug|iPhone.Build.0 = Debug|Any CPU
		{D96A0F3E-5FA2-4EC5-9D9B-18C316B466D6}.Debug|iPhoneSimulator.ActiveCfg = Debug|Any CPU
		{D96A0F3E-5FA2-4EC5-9D9B-18C316B466D6}.Debug|iPhoneSimulator.Build.0 = Debug|Any CPU
		{D96A0F3E-5FA2-4EC5-9D9B-18C316B466D6}.Release|Any CPU.ActiveCfg = Release|Any CPU
		{D96A0F3E-5FA2-4EC5-9D9B-18C316B466D6}.Release|Any CPU.Build.0 = Release|Any CPU
		{D96A0F3E-5FA2-4EC5-9D9B-18C316B466D6}.Release|iPhone.ActiveCfg = Release|Any CPU
		{D96A0F3E-5FA2-4EC5-9D9B-18C316B466D6}.Release|iPhone.Build.0 = Release|Any CPU
		{D96A0F3E-5FA2-4EC5-9D9B-18C316B466D6}.Release|iPhoneSimulator.ActiveCfg = Release|Any CPU
		{D96A0F3E-5FA2-4EC5-9D9B-18C316B466D6}.Release|iPhoneSimulator.Build.0 = Release|Any CPU
		{8CDA11D6-38F2-485E-9ACF-61133CCEEC7B}.Debug|Any CPU.ActiveCfg = Debug|Any CPU
		{8CDA11D6-38F2-485E-9ACF-61133CCEEC7B}.Debug|Any CPU.Build.0 = Debug|Any CPU
		{8CDA11D6-38F2-485E-9ACF-61133CCEEC7B}.Debug|iPhone.ActiveCfg = Debug|Any CPU
		{8CDA11D6-38F2-485E-9ACF-61133CCEEC7B}.Debug|iPhone.Build.0 = Debug|Any CPU
		{8CDA11D6-38F2-485E-9ACF-61133CCEEC7B}.Debug|iPhoneSimulator.ActiveCfg = Debug|Any CPU
		{8CDA11D6-38F2-485E-9ACF-61133CCEEC7B}.Debug|iPhoneSimulator.Build.0 = Debug|Any CPU
		{8CDA11D6-38F2-485E-9ACF-61133CCEEC7B}.Release|Any CPU.ActiveCfg = Release|Any CPU
		{8CDA11D6-38F2-485E-9ACF-61133CCEEC7B}.Release|Any CPU.Build.0 = Release|Any CPU
		{8CDA11D6-38F2-485E-9ACF-61133CCEEC7B}.Release|iPhone.ActiveCfg = Release|Any CPU
		{8CDA11D6-38F2-485E-9ACF-61133CCEEC7B}.Release|iPhone.Build.0 = Release|Any CPU
		{8CDA11D6-38F2-485E-9ACF-61133CCEEC7B}.Release|iPhoneSimulator.ActiveCfg = Release|Any CPU
		{8CDA11D6-38F2-485E-9ACF-61133CCEEC7B}.Release|iPhoneSimulator.Build.0 = Release|Any CPU
	EndGlobalSection
	GlobalSection(SolutionProperties) = preSolution
		HideSolutionNode = FALSE
	EndGlobalSection
	GlobalSection(ExtensibilityGlobals) = postSolution
		SolutionGuid = {9951DB8F-72CC-41B0-9C3E-48DA9135C9E5}
	EndGlobalSection
	GlobalSection(NestedProjects) = preSolution
	EndGlobalSection
EndGlobal
